
Microsoft Visual Studio Solution File, Format Version 12.00
# Visual Studio Version 16
VisualStudioVersion = 16.0.29709.97
MinimumVisualStudioVersion = 10.0.40219.1
Project("{8BC9CEB8-8B4A-11D0-8D11-00A0C91BC942}") = "QIAGVSSApplication", "QIAGVSSApplication\QIAGVSSApplication.vcxproj", "{54F8A62F-C0C0-4842-9794-E4AD9CF403B2}"
EndProject
Project("{8BC9CEB8-8B4A-11D0-8D11-00A0C91BC942}") = "QIAGVSSService", "QIAGVSSService\QIAGVSSService.vcxproj", "{B12702AD-ABFB-343A-A199-8E24837244A3}"
EndProject
Project("{54435603-DBB4-11D2-8724-00A0C9A8B90C}") = "AppSetup", "Setup\AppSetup\AppSetup.vdproj", "{C5A9798B-B4DF-4CD1-8471-4DE45C9545E1}"
EndProject
Project("{8BC9CEB8-8B4A-11D0-8D11-00A0C91BC942}") = "WCSSimulator", "WCSSimulator\WCSSimulator.vcxproj", "{6C690953-5D0E-43A0-9ED8-94CBD053D40F}"
EndProject
Global
	GlobalSection(SolutionConfigurationPlatforms) = preSolution
		Debug|x64 = Debug|x64
		Release|x64 = Release|x64
	EndGlobalSection
	GlobalSection(ProjectConfigurationPlatforms) = postSolution
		{54F8A62F-C0C0-4842-9794-E4AD9CF403B2}.Debug|x64.ActiveCfg = Debug|x64
		{54F8A62F-C0C0-4842-9794-E4AD9CF403B2}.Debug|x64.Build.0 = Debug|x64
		{54F8A62F-C0C0-4842-9794-E4AD9CF403B2}.Release|x64.ActiveCfg = Release|x64
		{54F8A62F-C0C0-4842-9794-E4AD9CF403B2}.Release|x64.Build.0 = Release|x64
		{B12702AD-ABFB-343A-A199-8E24837244A3}.Debug|x64.ActiveCfg = Debug|x64
		{B12702AD-ABFB-343A-A199-8E24837244A3}.Debug|x64.Build.0 = Debug|x64
		{B12702AD-ABFB-343A-A199-8E24837244A3}.Release|x64.ActiveCfg = Release|x64
		{B12702AD-ABFB-343A-A199-8E24837244A3}.Release|x64.Build.0 = Release|x64
		{C5A9798B-B4DF-4CD1-8471-4DE45C9545E1}.Debug|x64.ActiveCfg = Debug
		{C5A9798B-B4DF-4CD1-8471-4DE45C9545E1}.Debug|x64.Build.0 = Debug
		{C5A9798B-B4DF-4CD1-8471-4DE45C9545E1}.Release|x64.ActiveCfg = Release
		{C5A9798B-B4DF-4CD1-8471-4DE45C9545E1}.Release|x64.Build.0 = Release
		{6C690953-5D0E-43A0-9ED8-94CBD053D40F}.Debug|x64.ActiveCfg = Debug|x64
		{6C690953-5D0E-43A0-9ED8-94CBD053D40F}.Debug|x64.Build.0 = Debug|x64
		{6C690953-5D0E-43A0-9ED8-94CBD053D40F}.Release|x64.ActiveCfg = Release|x64
		{6C690953-5D0E-43A0-9ED8-94CBD053D40F}.Release|x64.Build.0 = Release|x64
	EndGlobalSection
	GlobalSection(SolutionProperties) = preSolution
		HideSolutionNode = FALSE
	EndGlobalSection
	GlobalSection(ExtensibilityGlobals) = postSolution
		SolutionGuid = {687E309B-7FAB-4C2A-AAED-CAACEA9BB1F8}
	EndGlobalSection
EndGlobal
